{
	"name": "@sx-lerna-cli/core",
	"version": "1.0.1",
	"lockfileVersion": 2,
	"requires": true,
	"packages": {
		"": {
			"name": "@sx-lerna-cli/core",
			"version": "1.0.0",
			"license": "ISC",
			"dependencies": {
				"yq-imooc": "^1.0.0"
			}
		},
		"node_modules/yq-imooc": {
			"version": "1.0.0",
			"resolved": "https://registry.npmjs.org/yq-imooc/-/yq-imooc-1.0.0.tgz",
			"integrity": "sha512-+PMVNwQ9K/o3XhUe85l7SOug+/5ZOhrsDUGrq8MYV2Bn/3O9OuOIT722gTjzWX6dS5HkJ4sH2dZtzDR//jTYXw==",
			"bin": {
				"yq-imooc": "bin/index.js"
			}
		}
	},
	"dependencies": {
		"yq-imooc": {
			"version": "1.0.0",
			"resolved": "https://registry.npmjs.org/yq-imooc/-/yq-imooc-1.0.0.tgz",
			"integrity": "sha512-+PMVNwQ9K/o3XhUe85l7SOug+/5ZOhrsDUGrq8MYV2Bn/3O9OuOIT722gTjzWX6dS5HkJ4sH2dZtzDR//jTYXw=="
		}
	}
}
